
Microsoft Visual Studio Solution File, Format Version 12.00
# Visual Studio Version 17
VisualStudioVersion = 17.13.35931.197 d17.13
MinimumVisualStudioVersion = 10.0.40219.1
Project("{FAE04EC0-301F-11D3-BF4B-00C04F79EFBC}") = "GrandSumoMcp", "GrandSumoMcp.csproj", "{55B2B03C-3933-484E-BFCC-04D447EEA32F}"
EndProject
Global
	GlobalSection(SolutionConfigurationPlatforms) = preSolution
		Debug|Any CPU = Debug|Any CPU
		Release|Any CPU = Release|Any CPU
	EndGlobalSection
	GlobalSection(ProjectConfigurationPlatforms) = postSolution
		{55B2B03C-3933-484E-BFCC-04D447EEA32F}.Debug|Any CPU.ActiveCfg = Debug|Any CPU
		{55B2B03C-3933-484E-BFCC-04D447EEA32F}.Debug|Any CPU.Build.0 = Debug|Any CPU
		{55B2B03C-3933-484E-BFCC-04D447EEA32F}.Release|Any CPU.ActiveCfg = Release|Any CPU
		{55B2B03C-3933-484E-BFCC-04D447EEA32F}.Release|Any CPU.Build.0 = Release|Any CPU
	EndGlobalSection
	GlobalSection(SolutionProperties) = preSolution
		HideSolutionNode = FALSE
	EndGlobalSection
	GlobalSection(ExtensibilityGlobals) = postSolution
		SolutionGuid = {1F80EB0B-4770-4DF2-AC03-AEDD83C99CE6}
	EndGlobalSection
EndGlobal
